<?xml version="1.0" encoding="utf-8"?>
<Project ToolsVersion="4.0" xmlns="http://schemas.microsoft.com/developer/msbuild/2003">
  <ItemGroup>
    <Filter Include="Source Files">
      <UniqueIdentifier>{4FC737F1-C7A5-4376-A066-2A32D752A2FF}</UniqueIdentifier>
      <Extensions>cpp;c;cc;cxx;def;odl;idl;hpj;bat;asm;asmx</Extensions>
    </Filter>
    <Filter Include="Header Files">
      <UniqueIdentifier>{93995380-89BD-4b04-88EB-625FBE52EBFB}</UniqueIdentifier>
      <Extensions>h;hh;hpp;hxx;hm;inl;inc;xsd</Extensions>
    </Filter>
    <Filter Include="Resource Files">
      <UniqueIdentifier>{67DA6AB6-F800-4c08-8B7A-83BB121AAD01}</UniqueIdentifier>
      <Extensions>rc;ico;cur;bmp;dlg;rc2;rct;bin;rgs;gif;jpg;jpeg;jpe;resx;tiff;tif;png;wav;mfcribbon-ms</Extensions>
    </Filter>
  </ItemGroup>
  <ItemGroup>
    <ClCompile Include="Main.cpp">
      <Filter>Source Files</Filter>
    </ClCompile>
    <ClCompile Include="Shutar.cpp">
      <Filter>Source Files</Filter>
    </ClCompile>
    <ClCompile Include="AtorManager.cpp">
      <Filter>Source Files</Filter>
    </ClCompile>
    <ClCompile Include="Nave.cpp">
      <Filter>Source Files</Filter>
    </ClCompile>
    <ClCompile Include="Tiro.cpp">
      <Filter>Source Files</Filter>
    </ClCompile>
    <ClCompile Include="RedBoss.cpp">
      <Filter>Source Files</Filter>
    </ClCompile>
    <ClCompile Include="MiniRed.cpp">
      <Filter>Source Files</Filter>
    </ClCompile>
    <ClCompile Include="BatRobo.cpp">
      <Filter>Source Files</Filter>
    </ClCompile>
    <ClCompile Include="Ocorrencia.cpp">
      <Filter>Source Files</Filter>
    </ClCompile>
    <ClCompile Include="TiroInimigo.cpp">
      <Filter>Source Files</Filter>
    </ClCompile>
    <ClCompile Include="MiniShooter.cpp">
      <Filter>Source Files</Filter>
    </ClCompile>
    <ClCompile Include="Bomba.cpp">
      <Filter>Source Files</Filter>
    </ClCompile>
  </ItemGroup>
  <ItemGroup>
    <ClInclude Include="Shutar.h">
      <Filter>Header Files</Filter>
    </ClInclude>
    <ClInclude Include="AtorManager.h">
      <Filter>Header Files</Filter>
    </ClInclude>
    <ClInclude Include="Nave.h">
      <Filter>Header Files</Filter>
    </ClInclude>
    <ClInclude Include="Tiro.h">
      <Filter>Header Files</Filter>
    </ClInclude>
    <ClInclude Include="RedBoss.h">
      <Filter>Header Files</Filter>
    </ClInclude>
    <ClInclude Include="MiniRed.h">
      <Filter>Header Files</Filter>
    </ClInclude>
    <ClInclude Include="BatRobo.h">
      <Filter>Header Files</Filter>
    </ClInclude>
    <ClInclude Include="Ocorrencia.h">
      <Filter>Header Files</Filter>
    </ClInclude>
    <ClInclude Include="MiniShooter.h">
      <Filter>Header Files</Filter>
    </ClInclude>
    <ClInclude Include="TiroInimigo.h">
      <Filter>Header Files</Filter>
    </ClInclude>
    <ClInclude Include="Bomba.h">
      <Filter>Header Files</Filter>
    </ClInclude>
  </ItemGroup>
</Project>